// !$*UTF8*$!
{
	archiveVersion = 1;
	classes = {
	};
	objectVersion = 55;
	objects = {

/* Begin PBXBuildFile section */
		501F3A7828DCAA03008C782E /* CurrencyCell.swift in Sources */ = {isa = PBXBuildFile; fileRef = 501F3A7728DCAA03008C782E /* CurrencyCell.swift */; };
		5087E1DD28D9A59D00070DD1 /* AppDelegate.swift in Sources */ = {isa = PBXBuildFile; fileRef = 5087E1DC28D9A59D00070DD1 /* AppDelegate.swift */; };
		5087E1DF28D9A59D00070DD1 /* SceneDelegate.swift in Sources */ = {isa = PBXBuildFile; fileRef = 5087E1DE28D9A59D00070DD1 /* SceneDelegate.swift */; };
		5087E1E128D9A59D00070DD1 /* ViewController.swift in Sources */ = {isa = PBXBuildFile; fileRef = 5087E1E028D9A59D00070DD1 /* ViewController.swift */; };
		5087E1E428D9A59D00070DD1 /* Main.storyboard in Resources */ = {isa = PBXBuildFile; fileRef = 5087E1E228D9A59D00070DD1 /* Main.storyboard */; };
		5087E1E728D9A59D00070DD1 /* payPay.xcdatamodeld in Sources */ = {isa = PBXBuildFile; fileRef = 5087E1E528D9A59D00070DD1 /* payPay.xcdatamodeld */; };
		5087E1E928D9A5A200070DD1 /* Assets.xcassets in Resources */ = {isa = PBXBuildFile; fileRef = 5087E1E828D9A5A200070DD1 /* Assets.xcassets */; };
		5087E1EC28D9A5A200070DD1 /* LaunchScreen.storyboard in Resources */ = {isa = PBXBuildFile; fileRef = 5087E1EA28D9A5A200070DD1 /* LaunchScreen.storyboard */; };
		5087E1F428D9A64D00070DD1 /* CurrencyModel.swift in Sources */ = {isa = PBXBuildFile; fileRef = 5087E1F328D9A64D00070DD1 /* CurrencyModel.swift */; };
		5087E1F628D9BD8700070DD1 /* NetworkManager.swift in Sources */ = {isa = PBXBuildFile; fileRef = 5087E1F528D9BD8700070DD1 /* NetworkManager.swift */; };
		5087E1F828D9BE4400070DD1 /* CurrencyData.swift in Sources */ = {isa = PBXBuildFile; fileRef = 5087E1F728D9BE4400070DD1 /* CurrencyData.swift */; };
		5087E1FA28D9C23000070DD1 /* Constants.swift in Sources */ = {isa = PBXBuildFile; fileRef = 5087E1F928D9C23000070DD1 /* Constants.swift */; };
		5087E1FF28D9E4A300070DD1 /* CurrencyDropDownCell.swift in Sources */ = {isa = PBXBuildFile; fileRef = 5087E1FD28D9E4A300070DD1 /* CurrencyDropDownCell.swift */; };
		5087E20028D9E4A300070DD1 /* CurrencyDropDownCell.xib in Resources */ = {isa = PBXBuildFile; fileRef = 5087E1FE28D9E4A300070DD1 /* CurrencyDropDownCell.xib */; };
/* End PBXBuildFile section */

/* Begin PBXFileReference section */
		501F3A7728DCAA03008C782E /* CurrencyCell.swift */ = {isa = PBXFileReference; lastKnownFileType = sourcecode.swift; path = CurrencyCell.swift; sourceTree = "<group>"; };
		5087E1D928D9A59D00070DD1 /* payPay.app */ = {isa = PBXFileReference; explicitFileType = wrapper.application; includeInIndex = 0; path = payPay.app; sourceTree = BUILT_PRODUCTS_DIR; };
		5087E1DC28D9A59D00070DD1 /* AppDelegate.swift */ = {isa = PBXFileReference; lastKnownFileType = sourcecode.swift; path = AppDelegate.swift; sourceTree = "<group>"; };
		5087E1DE28D9A59D00070DD1 /* SceneDelegate.swift */ = {isa = PBXFileReference; lastKnownFileType = sourcecode.swift; path = SceneDelegate.swift; sourceTree = "<group>"; };
		5087E1E028D9A59D00070DD1 /* ViewController.swift */ = {isa = PBXFileReference; lastKnownFileType = sourcecode.swift; path = ViewController.swift; sourceTree = "<group>"; };
		5087E1E328D9A59D00070DD1 /* Base */ = {isa = PBXFileReference; lastKnownFileType = file.storyboard; name = Base; path = Base.lproj/Main.storyboard; sourceTree = "<group>"; };
		5087E1E628D9A59D00070DD1 /* payPay.xcdatamodel */ = {isa = PBXFileReference; lastKnownFileType = wrapper.xcdatamodel; path = payPay.xcdatamodel; sourceTree = "<group>"; };
		5087E1E828D9A5A200070DD1 /* Assets.xcassets */ = {isa = PBXFileReference; lastKnownFileType = folder.assetcatalog; path = Assets.xcassets; sourceTree = "<group>"; };
		5087E1EB28D9A5A200070DD1 /* Base */ = {isa = PBXFileReference; lastKnownFileType = file.storyboard; name = Base; path = Base.lproj/LaunchScreen.storyboard; sourceTree = "<group>"; };
		5087E1ED28D9A5A200070DD1 /* Info.plist */ = {isa = PBXFileReference; lastKnownFileType = text.plist.xml; path = Info.plist; sourceTree = "<group>"; };
		5087E1F328D9A64D00070DD1 /* CurrencyModel.swift */ = {isa = PBXFileReference; lastKnownFileType = sourcecode.swift; path = CurrencyModel.swift; sourceTree = "<group>"; };
		5087E1F528D9BD8700070DD1 /* NetworkManager.swift */ = {isa = PBXFileReference; lastKnownFileType = sourcecode.swift; path = NetworkManager.swift; sourceTree = "<group>"; };
		5087E1F728D9BE4400070DD1 /* CurrencyData.swift */ = {isa = PBXFileReference; lastKnownFileType = sourcecode.swift; path = CurrencyData.swift; sourceTree = "<group>"; };
		5087E1F928D9C23000070DD1 /* Constants.swift */ = {isa = PBXFileReference; lastKnownFileType = sourcecode.swift; path = Constants.swift; sourceTree = "<group>"; };
		5087E1FD28D9E4A300070DD1 /* CurrencyDropDownCell.swift */ = {isa = PBXFileReference; lastKnownFileType = sourcecode.swift; path = CurrencyDropDownCell.swift; sourceTree = "<group>"; };
		5087E1FE28D9E4A300070DD1 /* CurrencyDropDownCell.xib */ = {isa = PBXFileReference; lastKnownFileType = file.xib; path = CurrencyDropDownCell.xib; sourceTree = "<group>"; };
/* End PBXFileReference section */

/* Begin PBXFrameworksBuildPhase section */
		5087E1D628D9A59D00070DD1 /* Frameworks */ = {
			isa = PBXFrameworksBuildPhase;
			buildActionMask = 2147483647;
			files = (
			);
			runOnlyForDeploymentPostprocessing = 0;
		};
/* End PBXFrameworksBuildPhase section */

/* Begin PBXGroup section */
		5087E1D028D9A59D00070DD1 = {
			isa = PBXGroup;
			children = (
				5087E1DB28D9A59D00070DD1 /* payPay */,
				5087E1DA28D9A59D00070DD1 /* Products */,
			);
			sourceTree = "<group>";
		};
		5087E1DA28D9A59D00070DD1 /* Products */ = {
			isa = PBXGroup;
			children = (
				5087E1D928D9A59D00070DD1 /* payPay.app */,
			);
			name = Products;
			sourceTree = "<group>";
		};
		5087E1DB28D9A59D00070DD1 /* payPay */ = {
			isa = PBXGroup;
			children = (
				5087E1DC28D9A59D00070DD1 /* AppDelegate.swift */,
				5087E1F928D9C23000070DD1 /* Constants.swift */,
				5087E1DE28D9A59D00070DD1 /* SceneDelegate.swift */,
				5087E1E028D9A59D00070DD1 /* ViewController.swift */,
				501F3A7728DCAA03008C782E /* CurrencyCell.swift */,
				5087E1F328D9A64D00070DD1 /* CurrencyModel.swift */,
				5087E1F728D9BE4400070DD1 /* CurrencyData.swift */,
				5087E1F528D9BD8700070DD1 /* NetworkManager.swift */,
				5087E1E228D9A59D00070DD1 /* Main.storyboard */,
				5087E1FD28D9E4A300070DD1 /* CurrencyDropDownCell.swift */,
				5087E1FE28D9E4A300070DD1 /* CurrencyDropDownCell.xib */,
				5087E1E828D9A5A200070DD1 /* Assets.xcassets */,
				5087E1EA28D9A5A200070DD1 /* LaunchScreen.storyboard */,
				5087E1ED28D9A5A200070DD1 /* Info.plist */,
				5087E1E528D9A59D00070DD1 /* payPay.xcdatamodeld */,
			);
			path = payPay;
			sourceTree = "<group>";
		};
/* End PBXGroup section */

/* Begin PBXNativeTarget section */
		5087E1D828D9A59D00070DD1 /* payPay */ = {
			isa = PBXNativeTarget;
			buildConfigurationList = 5087E1F028D9A5A200070DD1 /* Build configuration list for PBXNativeTarget "payPay" */;
			buildPhases = (
				5087E1D528D9A59D00070DD1 /* Sources */,
				5087E1D628D9A59D00070DD1 /* Frameworks */,
				5087E1D728D9A59D00070DD1 /* Resources */,
			);
			buildRules = (
			);
			dependencies = (
			);
			name = payPay;
			productName = payPay;
			productReference = 5087E1D928D9A59D00070DD1 /* payPay.app */;
			productType = "com.apple.product-type.application";
		};
/* End PBXNativeTarget section */

/* Begin PBXProject section */
		5087E1D128D9A59D00070DD1 /* Project object */ = {
			isa = PBXProject;
			attributes = {
				BuildIndependentTargetsInParallel = 1;
				LastSwiftUpdateCheck = 1340;
				LastUpgradeCheck = 1340;
				TargetAttributes = {
					5087E1D828D9A59D00070DD1 = {
						CreatedOnToolsVersion = 13.4.1;
					};
				};
			};
			buildConfigurationList = 5087E1D428D9A59D00070DD1 /* Build configuration list for PBXProject "payPay" */;
			compatibilityVersion = "Xcode 13.0";
			developmentRegion = en;
			hasScannedForEncodings = 0;
			knownRegions = (
				en,
				Base,
			);
			mainGroup = 5087E1D028D9A59D00070DD1;
			productRefGroup = 5087E1DA28D9A59D00070DD1 /* Products */;
			projectDirPath = "";
			projectRoot = "";
			targets = (
				5087E1D828D9A59D00070DD1 /* payPay */,
			);
		};
/* End PBXProject section */

/* Begin PBXResourcesBuildPhase section */
		5087E1D728D9A59D00070DD1 /* Resources */ = {
			isa = PBXResourcesBuildPhase;
			buildActionMask = 2147483647;
			files = (
				5087E1EC28D9A5A200070DD1 /* LaunchScreen.storyboard in Resources */,
				5087E20028D9E4A300070DD1 /* CurrencyDropDownCell.xib in Resources */,
				5087E1E928D9A5A200070DD1 /* Assets.xcassets in Resources */,
				5087E1E428D9A59D00070DD1 /* Main.storyboard in Resources */,
			);
			runOnlyForDeploymentPostprocessing = 0;
		};
/* End PBXResourcesBuildPhase section */

/* Begin PBXSourcesBuildPhase section */
		5087E1D528D9A59D00070DD1 /* Sources */ = {
			isa = PBXSourcesBuildPhase;
			buildActionMask = 2147483647;
			files = (
				5087E1F628D9BD8700070DD1 /* NetworkManager.swift in Sources */,
				5087E1FF28D9E4A300070DD1 /* CurrencyDropDownCell.swift in Sources */,
				5087E1F428D9A64D00070DD1 /* CurrencyModel.swift in Sources */,
				5087E1E128D9A59D00070DD1 /* ViewController.swift in Sources */,
				5087E1DD28D9A59D00070DD1 /* AppDelegate.swift in Sources */,
				5087E1F828D9BE4400070DD1 /* CurrencyData.swift in Sources */,
				5087E1DF28D9A59D00070DD1 /* SceneDelegate.swift in Sources */,
				5087E1E728D9A59D00070DD1 /* payPay.xcdatamodeld in Sources */,
				501F3A7828DCAA03008C782E /* CurrencyCell.swift in Sources */,
				5087E1FA28D9C23000070DD1 /* Constants.swift in Sources */,
			);
			runOnlyForDeploymentPostprocessing = 0;
		};
/* End PBXSourcesBuildPhase section */

/* Begin PBXVariantGroup section */
		5087E1E228D9A59D00070DD1 /* Main.storyboard */ = {
			isa = PBXVariantGroup;
			children = (
				5087E1E328D9A59D00070DD1 /* Base */,
			);
			name = Main.storyboard;
			sourceTree = "<group>";
		};
		5087E1EA28D9A5A200070DD1 /* LaunchScreen.storyboard */ = {
			isa = PBXVariantGroup;
			children = (
				5087E1EB28D9A5A200070DD1 /* Base */,
			);
			name = LaunchScreen.storyboard;
			sourceTree = "<group>";
		};
/* End PBXVariantGroup section */

/* Begin XCBuildConfiguration section */
		5087E1EE28D9A5A200070DD1 /* Debug */ = {
			isa = XCBuildConfiguration;
			buildSettings = {
				ALWAYS_SEARCH_USER_PATHS = NO;
				CLANG_ANALYZER_NONNULL = YES;
				CLANG_ANALYZER_NUMBER_OBJECT_CONVERSION = YES_AGGRESSIVE;
				CLANG_CXX_LANGUAGE_STANDARD = "gnu++17";
				CLANG_ENABLE_MODULES = YES;
				CLANG_ENABLE_OBJC_ARC = YES;
				CLANG_ENABLE_OBJC_WEAK = YES;
				CLANG_WARN_BLOCK_CAPTURE_AUTORELEASING = YES;
				CLANG_WARN_BOOL_CONVERSION = YES;
				CLANG_WARN_COMMA = YES;
				CLANG_WARN_CONSTANT_CONVERSION = YES;
				CLANG_WARN_DEPRECATED_OBJC_IMPLEMENTATIONS = YES;
				CLANG_WARN_DIRECT_OBJC_ISA_USAGE = YES_ERROR;
				CLANG_WARN_DOCUMENTATION_COMMENTS = YES;
				CLANG_WARN_EMPTY_BODY = YES;
				CLANG_WARN_ENUM_CONVERSION = YES;
				CLANG_WARN_INFINITE_RECURSION = YES;
				CLANG_WARN_INT_CONVERSION = YES;
				CLANG_WARN_NON_LITERAL_NULL_CONVERSION = YES;
				CLANG_WARN_OBJC_IMPLICIT_RETAIN_SELF = YES;
				CLANG_WARN_OBJC_LITERAL_CONVERSION = YES;
				CLANG_WARN_OBJC_ROOT_CLASS = YES_ERROR;
				CLANG_WARN_QUOTED_INCLUDE_IN_FRAMEWORK_HEADER = YES;
				CLANG_WARN_RANGE_LOOP_ANALYSIS = YES;
				CLANG_WARN_STRICT_PROTOTYPES = YES;
				CLANG_WARN_SUSPICIOUS_MOVE = YES;
				CLANG_WARN_UNGUARDED_AVAILABILITY = YES_AGGRESSIVE;
				CLANG_WARN_UNREACHABLE_CODE = YES;
				CLANG_WARN__DUPLICATE_METHOD_MATCH = YES;
				COPY_PHASE_STRIP = NO;
				DEBUG_INFORMATION_FORMAT = dwarf;
				ENABLE_STRICT_OBJC_MSGSEND = YES;
				ENABLE_TESTABILITY = YES;
				GCC_C_LANGUAGE_STANDARD = gnu11;
				GCC_DYNAMIC_NO_PIC = NO;
				GCC_NO_COMMON_BLOCKS = YES;
				GCC_OPTIMIZATION_LEVEL = 0;
				GCC_PREPROCESSOR_DEFINITIONS = (
					"DEBUG=1",
					"$(inherited)",
				);
				GCC_WARN_64_TO_32_BIT_CONVERSION = YES;
				GCC_WARN_ABOUT_RETURN_TYPE = YES_ERROR;
				GCC_WARN_UNDECLARED_SELECTOR = YES;
				GCC_WARN_UNINITIALIZED_AUTOS = YES_AGGRESSIVE;
				GCC_WARN_UNUSED_FUNCTION = YES;
				GCC_WARN_UNUSED_VARIABLE = YES;
				IPHONEOS_DEPLOYMENT_TARGET = 15.5;
				MTL_ENABLE_DEBUG_INFO = INCLUDE_SOURCE;
				MTL_FAST_MATH = YES;
				ONLY_ACTIVE_ARCH = YES;
				SDKROOT = iphoneos;
				SWIFT_ACTIVE_COMPILATION_CONDITIONS = DEBUG;
				SWIFT_OPTIMIZATION_LEVEL = "-Onone";
			};
			name = Debug;
		};
		5087E1EF28D9A5A200070DD1 /* Release */ = {
			isa = XCBuildConfiguration;
			buildSettings = {
				ALWAYS_SEARCH_USER_PATHS = NO;
				CLANG_ANALYZER_NONNULL = YES;
				CLANG_ANALYZER_NUMBER_OBJECT_CONVERSION = YES_AGGRESSIVE;
				CLANG_CXX_LANGUAGE_STANDARD = "gnu++17";
				CLANG_ENABLE_MODULES = YES;
				CLANG_ENABLE_OBJC_ARC = YES;
				CLANG_ENABLE_OBJC_WEAK = YES;
				CLANG_WARN_BLOCK_CAPTURE_AUTORELEASING = YES;
				CLANG_WARN_BOOL_CONVERSION = YES;
				CLANG_WARN_COMMA = YES;
				CLANG_WARN_CONSTANT_CONVERSION = YES;
				CLANG_WARN_DEPRECATED_OBJC_IMPLEMENTATIONS = YES;
				CLANG_WARN_DIRECT_OBJC_ISA_USAGE = YES_ERROR;
				CLANG_WARN_DOCUMENTATION_COMMENTS = YES;
				CLANG_WARN_EMPTY_BODY = YES;
				CLANG_WARN_ENUM_CONVERSION = YES;
				CLANG_WARN_INFINITE_RECURSION = YES;
				CLANG_WARN_INT_CONVERSION = YES;
				CLANG_WARN_NON_LITERAL_NULL_CONVERSION = YES;
				CLANG_WARN_OBJC_IMPLICIT_RETAIN_SELF = YES;
				CLANG_WARN_OBJC_LITERAL_CONVERSION = YES;
				CLANG_WARN_OBJC_ROOT_CLASS = YES_ERROR;
				CLANG_WARN_QUOTED_INCLUDE_IN_FRAMEWORK_HEADER = YES;
				CLANG_WARN_RANGE_LOOP_ANALYSIS = YES;
				CLANG_WARN_STRICT_PROTOTYPES = YES;
				CLANG_WARN_SUSPICIOUS_MOVE = YES;
				CLANG_WARN_UNGUARDED_AVAILABILITY = YES_AGGRESSIVE;
				CLANG_WARN_UNREACHABLE_CODE = YES;
				CLANG_WARN__DUPLICATE_METHOD_MATCH = YES;
				COPY_PHASE_STRIP = NO;
				DEBUG_INFORMATION_FORMAT = "dwarf-with-dsym";
				ENABLE_NS_ASSERTIONS = NO;
				ENABLE_STRICT_OBJC_MSGSEND = YES;
				GCC_C_LANGUAGE_STANDARD = gnu11;
				GCC_NO_COMMON_BLOCKS = YES;
				GCC_WARN_64_TO_32_BIT_CONVERSION = YES;
				GCC_WARN_ABOUT_RETURN_TYPE = YES_ERROR;
				GCC_WARN_UNDECLARED_SELECTOR = YES;
				GCC_WARN_UNINITIALIZED_AUTOS = YES_AGGRESSIVE;
				GCC_WARN_UNUSED_FUNCTION = YES;
				GCC_WARN_UNUSED_VARIABLE = YES;
				IPHONEOS_DEPLOYMENT_TARGET = 15.5;
				MTL_ENABLE_DEBUG_INFO = NO;
				MTL_FAST_MATH = YES;
				SDKROOT = iphoneos;
				SWIFT_COMPILATION_MODE = wholemodule;
				SWIFT_OPTIMIZATION_LEVEL = "-O";
				VALIDATE_PRODUCT = YES;
			};
			name = Release;
		};
		5087E1F128D9A5A200070DD1 /* Debug */ = {
			isa = XCBuildConfiguration;
			buildSettings = {
				ASSETCATALOG_COMPILER_APPICON_NAME = AppIcon;
				ASSETCATALOG_COMPILER_GLOBAL_ACCENT_COLOR_NAME = AccentColor;
				CODE_SIGN_STYLE = Automatic;
				CURRENT_PROJECT_VERSION = 1;
				DEVELOPMENT_TEAM = YBDU266T6X;
				GENERATE_INFOPLIST_FILE = YES;
				INFOPLIST_FILE = payPay/Info.plist;
				INFOPLIST_KEY_UIApplicationSupportsIndirectInputEvents = YES;
				INFOPLIST_KEY_UILaunchStoryboardName = LaunchScreen;
				INFOPLIST_KEY_UIMainStoryboardFile = Main;
				INFOPLIST_KEY_UISupportedInterfaceOrientations_iPad = "UIInterfaceOrientationPortrait UIInterfaceOrientationPortraitUpsideDown UIInterfaceOrientationLandscapeLeft UIInterfaceOrientationLandscapeRight";
				INFOPLIST_KEY_UISupportedInterfaceOrientations_iPhone = "UIInterfaceOrientationPortrait UIInterfaceOrientationLandscapeLeft UIInterfaceOrientationLandscapeRight";
				LD_RUNPATH_SEARCH_PATHS = (
					"$(inherited)",
					"@executable_path/Frameworks",
				);
				MARKETING_VERSION = 1.0;
				PRODUCT_BUNDLE_IDENTIFIER = vpm.payPay.convertor;
				PRODUCT_NAME = "$(TARGET_NAME)";
				SWIFT_EMIT_LOC_STRINGS = YES;
				SWIFT_VERSION = 5.0;
				TARGETED_DEVICE_FAMILY = "1,2";
			};
			name = Debug;
		};
		5087E1F228D9A5A200070DD1 /* Release */ = {
			isa = XCBuildConfiguration;
			buildSettings = {
				ASSETCATALOG_COMPILER_APPICON_NAME = AppIcon;
				ASSETCATALOG_COMPILER_GLOBAL_ACCENT_COLOR_NAME = AccentColor;
				CODE_SIGN_STYLE = Automatic;
				CURRENT_PROJECT_VERSION = 1;
				DEVELOPMENT_TEAM = YBDU266T6X;
				GENERATE_INFOPLIST_FILE = YES;
				INFOPLIST_FILE = payPay/Info.plist;
				INFOPLIST_KEY_UIApplicationSupportsIndirectInputEvents = YES;
				INFOPLIST_KEY_UILaunchStoryboardName = LaunchScreen;
				INFOPLIST_KEY_UIMainStoryboardFile = Main;
				INFOPLIST_KEY_UISupportedInterfaceOrientations_iPad = "UIInterfaceOrientationPortrait UIInterfaceOrientationPortraitUpsideDown UIInterfaceOrientationLandscapeLeft UIInterfaceOrientationLandscapeRight";
				INFOPLIST_KEY_UISupportedInterfaceOrientations_iPhone = "UIInterfaceOrientationPortrait UIInterfaceOrientationLandscapeLeft UIInterfaceOrientationLandscapeRight";
				LD_RUNPATH_SEARCH_PATHS = (
					"$(inherited)",
					"@executable_path/Frameworks",
				);
				MARKETING_VERSION = 1.0;
				PRODUCT_BUNDLE_IDENTIFIER = vpm.payPay.convertor;
				PRODUCT_NAME = "$(TARGET_NAME)";
				SWIFT_EMIT_LOC_STRINGS = YES;
				SWIFT_VERSION = 5.0;
				TARGETED_DEVICE_FAMILY = "1,2";
			};
			name = Release;
		};
/* End XCBuildConfiguration section */

/* Begin XCConfigurationList section */
		5087E1D428D9A59D00070DD1 /* Build configuration list for PBXProject "payPay" */ = {
			isa = XCConfigurationList;
			buildConfigurations = (
				5087E1EE28D9A5A200070DD1 /* Debug */,
				5087E1EF28D9A5A200070DD1 /* Release */,
			);
			defaultConfigurationIsVisible = 0;
			defaultConfigurationName = Release;
		};
		5087E1F028D9A5A200070DD1 /* Build configuration list for PBXNativeTarget "payPay" */ = {
			isa = XCConfigurationList;
			buildConfigurations = (
				5087E1F128D9A5A200070DD1 /* Debug */,
				5087E1F228D9A5A200070DD1 /* Release */,
			);
			defaultConfigurationIsVisible = 0;
			defaultConfigurationName = Release;
		};
/* End XCConfigurationList section */

/* Begin XCVersionGroup section */
		5087E1E528D9A59D00070DD1 /* payPay.xcdatamodeld */ = {
			isa = XCVersionGroup;
			children = (
				5087E1E628D9A59D00070DD1 /* payPay.xcdatamodel */,
			);
			currentVersion = 5087E1E628D9A59D00070DD1 /* payPay.xcdatamodel */;
			path = payPay.xcdatamodeld;
			sourceTree = "<group>";
			versionGroupType = wrapper.xcdatamodel;
		};
/* End XCVersionGroup section */
	};
	rootObject = 5087E1D128D9A59D00070DD1 /* Project object */;
}
